hash: fb4cbcb4f806804f30683cd298d9316522f1d7678498039eccdb29f020de1c7f
updated: 2017-05-09T21:54:08.9517391-07:00
imports:
- name: github.com/kisielk/gotool
  version: 0de1eaf82fa3f583ce21fde859f1e7e0c5e9b220
- name: github.com/nbutton23/zxcvbn-go
  version: a22cb81b2ecdde8b68e9ffb8824731cbf88e1de4
  subpackages:
  - adjacency
  - data
  - entropy
  - frequency
  - match
  - matching
  - scoring
  - utils/math
- name: github.com/ryanuber/go-glob
  version: 572520ed46dbddaed19ea3d9541bdd0494163693
- name: golang.org/x/tools
  version: 1dbffd0798679c0c6b466e620725135944cfddea
  subpackages:
  - go/ast/astutil
  - go/buildutil
  - go/loader
testImports: []
